// !$*UTF8*$!
{
	archiveVersion = 1;
	classes = {
	};
	objectVersion = 77;
	objects = {

/* Begin PBXContainerItemProxy section */
		8C4680832FD4EECE00A00BAC /* PBXContainerItemProxy */ = {
			isa = PBXContainerItemProxy;
			containerPortal = 8C46806A2FD4EECE00A00BAC /* Project object */;
			proxyType = 1;
			remoteGlobalIDString = 8C4680712FD4EECE00A00BAC;
			remoteInfo = Chordwright;
		};
		8C46808D2FD4EECE00A00BAC /* PBXContainerItemProxy */ = {
			isa = PBXContainerItemProxy;
			containerPortal = 8C46806A2FD4EECE00A00BAC /* Project object */;
			proxyType = 1;
			remoteGlobalIDString = 8C4680712FD4EECE00A00BAC;
			remoteInfo = Chordwright;
		};
/* End PBXContainerItemProxy section */

/* Begin PBXFileReference section */
		8C4680722FD4EECE00A00BAC /* Chordwright.app */ = {isa = PBXFileReference; explicitFileType = wrapper.application; includeInIndex = 0; path = Chordwright.app; sourceTree = BUILT_PRODUCTS_DIR; };
		8C4680822FD4EECE00A00BAC /* ChordwrightTests.xctest */ = {isa = PBXFileReference; explicitFileType = wrapper.cfbundle; includeInIndex = 0; path = ChordwrightTests.xctest; sourceTree = BUILT_PRODUCTS_DIR; };
		8C46808C2FD4EECE00A00BAC /* ChordwrightUITests.xctest */ = {isa = PBXFileReference; explicitFileType = wrapper.cfbundle; includeInIndex = 0; path = ChordwrightUITests.xctest; sourceTree = BUILT_PRODUCTS_DIR; };
/* End PBXFileReference section */

/* Begin PBXFileSystemSynchronizedRootGroup section */
		8C4680742FD4EECE00A00BAC /* Chordwright */ = {
			isa = PBXFileSystemSynchronizedRootGroup;
			path = Chordwright;
			sourceTree = "<group>";
		};
		8C4680852FD4EECE00A00BAC /* ChordwrightTests */ = {
			isa = PBXFileSystemSynchronizedRootGroup;
			path = ChordwrightTests;
			sourceTree = "<group>";
		};
		8C46808F2FD4EECE00A00BAC /* ChordwrightUITests */ = {
			isa = PBXFileSystemSynchronizedRootGroup;
			path = ChordwrightUITests;
			sourceTree = "<group>";
		};
/* End PBXFileSystemSynchronizedRootGroup section */

/* Begin PBXFrameworksBuildPhase section */
		8C46806F2FD4EECE00A00BAC /* Frameworks */ = {
			isa = PBXFrameworksBuildPhase;
			buildActionMask = 2147483647;
			files = (
			);
			runOnlyForDeploymentPostprocessing = 0;
		};
		8C46807F2FD4EECE00A00BAC /* Frameworks */ = {
			isa = PBXFrameworksBuildPhase;
			buildActionMask = 2147483647;
			files = (
			);
			runOnlyForDeploymentPostprocessing = 0;
		};
		8C4680892FD4EECE00A00BAC /* Frameworks */ = {
			isa = PBXFrameworksBuildPhase;
			buildActionMask = 2147483647;
			files = (
			);
			runOnlyForDeploymentPostprocessing = 0;
		};
/* End PBXFrameworksBuildPhase section */

/* Begin PBXGroup section */
		8C4680692FD4EECE00A00BAC = {
			isa = PBXGroup;
			children = (
				8C4680742FD4EECE00A00BAC /* Chordwright */,
				8C4680852FD4EECE00A00BAC /* ChordwrightTests */,
				8C46808F2FD4EECE00A00BAC /* ChordwrightUITests */,
				8C4680732FD4EECE00A00BAC /* Products */,
			);
			sourceTree = "<group>";
		};
		8C4680732FD4EECE00A00BAC /* Products */ = {
			isa = PBXGroup;
			children = (
				8C4680722FD4EECE00A00BAC /* Chordwright.app */,
				8C4680822FD4EECE00A00BAC /* ChordwrightTests.xctest */,
				8C46808C2FD4EECE00A00BAC /* ChordwrightUITests.xctest */,
			);
			name = Products;
			sourceTree = "<group>";
		};
/* End PBXGroup section */

/* Begin PBXNativeTarget section */
		8C4680712FD4EECE00A00BAC /* Chordwright */ = {
			isa = PBXNativeTarget;
			buildConfigurationList = 8C4680962FD4EECE00A00BAC /* Build configuration list for PBXNativeTarget "Chordwright" */;
			buildPhases = (
				8C46806E2FD4EECE00A00BAC /* Sources */,
				8C46806F2FD4EECE00A00BAC /* Frameworks */,
				8C4680702FD4EECE00A00BAC /* Resources */,
			);
			buildRules = (
			);
			dependencies = (
			);
			fileSystemSynchronizedGroups = (
				8C4680742FD4EECE00A00BAC /* Chordwright */,
			);
			name = Chordwright;
			packageProductDependencies = (
			);
			productName = Chordwright;
			productReference = 8C4680722FD4EECE00A00BAC /* Chordwright.app */;
			productType = "com.apple.product-type.application";
		};
		8C4680812FD4EECE00A00BAC /* ChordwrightTests */ = {
			isa = PBXNativeTarget;
			buildConfigurationList = 8C4680992FD4EECE00A00BAC /* Build configuration list for PBXNativeTarget "ChordwrightTests" */;
			buildPhases = (
				8C46807E2FD4EECE00A00BAC /* Sources */,
				8C46807F2FD4EECE00A00BAC /* Frameworks */,
				8C4680802FD4EECE00A00BAC /* Resources */,
			);
			buildRules = (
			);
			dependencies = (
				8C4680842FD4EECE00A00BAC /* PBXTargetDependency */,
			);
			fileSystemSynchronizedGroups = (
				8C4680852FD4EECE00A00BAC /* ChordwrightTests */,
			);
			name = ChordwrightTests;
			packageProductDependencies = (
			);
			productName = ChordwrightTests;
			productReference = 8C4680822FD4EECE00A00BAC /* ChordwrightTests.xctest */;
			productType = "com.apple.product-type.bundle.unit-test";
		};
		8C46808B2FD4EECE00A00BAC /* ChordwrightUITests */ = {
			isa = PBXNativeTarget;
			buildConfigurationList = 8C46809C2FD4EECE00A00BAC /* Build configuration list for PBXNativeTarget "ChordwrightUITests" */;
			buildPhases = (
				8C4680882FD4EECE00A00BAC /* Sources */,
				8C4680892FD4EECE00A00BAC /* Frameworks */,
				8C46808A2FD4EECE00A00BAC /* Resources */,
			);
			buildRules = (
			);
			dependencies = (
				8C46808E2FD4EECE00A00BAC /* PBXTargetDependency */,
			);
			fileSystemSynchronizedGroups = (
				8C46808F2FD4EECE00A00BAC /* ChordwrightUITests */,
			);
			name = ChordwrightUITests;
			packageProductDependencies = (
			);
			productName = ChordwrightUITests;
			productReference = 8C46808C2FD4EECE00A00BAC /* ChordwrightUITests.xctest */;
			productType = "com.apple.product-type.bundle.ui-testing";
		};
/* End PBXNativeTarget section */

/* Begin PBXProject section */
		8C46806A2FD4EECE00A00BAC /* Project object */ = {
			isa = PBXProject;
			attributes = {
				BuildIndependentTargetsInParallel = 1;
				LastSwiftUpdateCheck = 1600;
				LastUpgradeCheck = 1600;
				TargetAttributes = {
					8C4680712FD4EECE00A00BAC = {
						CreatedOnToolsVersion = 16.0;
					};
					8C4680812FD4EECE00A00BAC = {
						CreatedOnToolsVersion = 16.0;
						TestTargetID = 8C4680712FD4EECE00A00BAC;
					};
					8C46808B2FD4EECE00A00BAC = {
						CreatedOnToolsVersion = 16.0;
						TestTargetID = 8C4680712FD4EECE00A00BAC;
					};
				};
			};
			buildConfigurationList = 8C46806D2FD4EECE00A00BAC /* Build configuration list for PBXProject "Chordwright" */;
			developmentRegion = en;
			hasScannedForEncodings = 0;
			knownRegions = (
				en,
				Base,
				es,
			);
			mainGroup = 8C4680692FD4EECE00A00BAC;
			minimizedProjectReferenceProxies = 1;
			preferredProjectObjectVersion = 77;
			productRefGroup = 8C4680732FD4EECE00A00BAC /* Products */;
			projectDirPath = "";
			projectRoot = "";
			targets = (
				8C4680712FD4EECE00A00BAC /* Chordwright */,
				8C4680812FD4EECE00A00BAC /* ChordwrightTests */,
				8C46808B2FD4EECE00A00BAC /* ChordwrightUITests */,
			);
		};
/* End PBXProject section */

/* Begin PBXResourcesBuildPhase section */
		8C4680702FD4EECE00A00BAC /* Resources */ = {
			isa = PBXResourcesBuildPhase;
			buildActionMask = 2147483647;
			files = (
			);
			runOnlyForDeploymentPostprocessing = 0;
		};
		8C4680802FD4EECE00A00BAC /* Resources */ = {
			isa = PBXResourcesBuildPhase;
			buildActionMask = 2147483647;
			files = (
			);
			runOnlyForDeploymentPostprocessing = 0;
		};
		8C46808A2FD4EECE00A00BAC /* Resources */ = {
			isa = PBXResourcesBuildPhase;
			buildActionMask = 2147483647;
			files = (
			);
			runOnlyForDeploymentPostprocessing = 0;
		};
/* End PBXResourcesBuildPhase section */

/* Begin PBXSourcesBuildPhase section */
		8C46806E2FD4EECE00A00BAC /* Sources */ = {
			isa = PBXSourcesBuildPhase;
			buildActionMask = 2147483647;
			files = (
			);
			runOnlyForDeploymentPostprocessing = 0;
		};
		8C46807E2FD4EECE00A00BAC /* Sources */ = {
			isa = PBXSourcesBuildPhase;
			buildActionMask = 2147483647;
			files = (
			);
			runOnlyForDeploymentPostprocessing = 0;
		};
		8C4680882FD4EECE00A00BAC /* Sources */ = {
			isa = PBXSourcesBuildPhase;
			buildActionMask = 2147483647;
			files = (
			);
			runOnlyForDeploymentPostprocessing = 0;
		};
/* End PBXSourcesBuildPhase section */

/* Begin PBXTargetDependency section */
		8C4680842FD4EECE00A00BAC /* PBXTargetDependency */ = {
			isa = PBXTargetDependency;
			target = 8C4680712FD4EECE00A00BAC /* Chordwright */;
			targetProxy = 8C4680832FD4EECE00A00BAC /* PBXContainerItemProxy */;
		};
		8C46808E2FD4EECE00A00BAC /* PBXTargetDependency */ = {
			isa = PBXTargetDependency;
			target = 8C4680712FD4EECE00A00BAC /* Chordwright */;
			targetProxy = 8C46808D2FD4EECE00A00BAC /* PBXContainerItemProxy */;
		};
/* End PBXTargetDependency section */

/* Begin XCBuildConfiguration section */
		8C4680942FD4EECE00A00BAC /* Debug */ = {
			isa = XCBuildConfiguration;
			buildSettings = {
				ALWAYS_SEARCH_USER_PATHS = NO;
				ASSETCATALOG_COMPILER_GENERATE_SWIFT_ASSET_SYMBOL_EXTENSIONS = YES;
				CLANG_ANALYZER_NONNULL = YES;
				CLANG_ANALYZER_NUMBER_OBJECT_CONVERSION = YES_AGGRESSIVE;
				CLANG_CXX_LANGUAGE_STANDARD = "gnu++20";
				CLANG_ENABLE_MODULES = YES;
				CLANG_ENABLE_OBJC_ARC = YES;
				CLANG_ENABLE_OBJC_WEAK = YES;
				CLANG_WARN_BLOCK_CAPTURE_AUTORELEASING = YES;
				CLANG_WARN_BOOL_CONVERSION = YES;
				CLANG_WARN_COMMA = YES;
				CLANG_WARN_CONSTANT_CONVERSION = YES;
				CLANG_WARN_DEPRECATED_OBJC_IMPLEMENTATIONS = YES;
				CLANG_WARN_DIRECT_OBJC_ISA_USAGE = YES_ERROR;
				CLANG_WARN_DOCUMENTATION_COMMENTS = YES;
				CLANG_WARN_EMPTY_BODY = YES;
				CLANG_WARN_ENUM_CONVERSION = YES;
				CLANG_WARN_INFINITE_RECURSION = YES;
				CLANG_WARN_INT_CONVERSION = YES;
				CLANG_WARN_NON_LITERAL_NULL_CONVERSION = YES;
				CLANG_WARN_OBJC_IMPLICIT_RETAIN_SELF = YES;
				CLANG_WARN_OBJC_LITERAL_CONVERSION = YES;
				CLANG_WARN_OBJC_ROOT_CLASS = YES_ERROR;
				CLANG_WARN_QUOTED_INCLUDE_IN_FRAMEWORK_HEADER = YES;
				CLANG_WARN_RANGE_LOOP_ANALYSIS = YES;
				CLANG_WARN_STRICT_PROTOTYPES = YES;
				CLANG_WARN_SUSPICIOUS_MOVE = YES;
				CLANG_WARN_UNGUARDED_AVAILABILITY = YES_AGGRESSIVE;
				CLANG_WARN_UNREACHABLE_CODE = YES;
				CLANG_WARN__DUPLICATE_METHOD_MATCH = YES;
				COPY_PHASE_STRIP = NO;
				DEBUG_INFORMATION_FORMAT = dwarf;
				ENABLE_STRICT_OBJC_MSGSEND = YES;
				ENABLE_TESTABILITY = YES;
				ENABLE_USER_SCRIPT_SANDBOXING = YES;
				GCC_C_LANGUAGE_STANDARD = gnu17;
				GCC_DYNAMIC_NO_PIC = NO;
				GCC_NO_COMMON_BLOCKS = YES;
				GCC_OPTIMIZATION_LEVEL = 0;
				GCC_PREPROCESSOR_DEFINITIONS = (
					"DEBUG=1",
					"$(inherited)",
				);
				GCC_WARN_64_TO_32_BIT_CONVERSION = YES;
				GCC_WARN_ABOUT_RETURN_TYPE = YES_ERROR;
				GCC_WARN_UNDECLARED_SELECTOR = YES;
				GCC_WARN_UNINITIALIZED_AUTOS = YES_AGGRESSIVE;
				GCC_WARN_UNUSED_FUNCTION = YES;
				GCC_WARN_UNUSED_VARIABLE = YES;
				IPHONEOS_DEPLOYMENT_TARGET = 18.0;
				LOCALIZATION_PREFERS_STRING_CATALOGS = YES;
				MTL_ENABLE_DEBUG_INFO = INCLUDE_SOURCE;
				MTL_FAST_MATH = YES;
				ONLY_ACTIVE_ARCH = YES;
				SDKROOT = iphoneos;
				SWIFT_ACTIVE_COMPILATION_CONDITIONS = "DEBUG $(inherited)";
				SWIFT_OPTIMIZATION_LEVEL = "-Onone";
			};
			name = Debug;
		};
		8C4680952FD4EECE00A00BAC /* Release */ = {
			isa = XCBuildConfiguration;
			buildSettings = {
				ALWAYS_SEARCH_USER_PATHS = NO;
				ASSETCATALOG_COMPILER_GENERATE_SWIFT_ASSET_SYMBOL_EXTENSIONS = YES;
				CLANG_ANALYZER_NONNULL = YES;
				CLANG_ANALYZER_NUMBER_OBJECT_CONVERSION = YES_AGGRESSIVE;
				CLANG_CXX_LANGUAGE_STANDARD = "gnu++20";
				CLANG_ENABLE_MODULES = YES;
				CLANG_ENABLE_OBJC_ARC = YES;
				CLANG_ENABLE_OBJC_WEAK = YES;
				CLANG_WARN_BLOCK_CAPTURE_AUTORELEASING = YES;
				CLANG_WARN_BOOL_CONVERSION = YES;
				CLANG_WARN_COMMA = YES;
				CLANG_WARN_CONSTANT_CONVERSION = YES;
				CLANG_WARN_DEPRECATED_OBJC_IMPLEMENTATIONS = YES;
				CLANG_WARN_DIRECT_OBJC_ISA_USAGE = YES_ERROR;
				CLANG_WARN_DOCUMENTATION_COMMENTS = YES;
				CLANG_WARN_EMPTY_BODY = YES;
				CLANG_WARN_ENUM_CONVERSION = YES;
				CLANG_WARN_INFINITE_RECURSION = YES;
				CLANG_WARN_INT_CONVERSION = YES;
				CLANG_WARN_NON_LITERAL_NULL_CONVERSION = YES;
				CLANG_WARN_OBJC_IMPLICIT_RETAIN_SELF = YES;
				CLANG_WARN_OBJC_LITERAL_CONVERSION = YES;
				CLANG_WARN_OBJC_ROOT_CLASS = YES_ERROR;
				CLANG_WARN_QUOTED_INCLUDE_IN_FRAMEWORK_HEADER = YES;
				CLANG_WARN_RANGE_LOOP_ANALYSIS = YES;
				CLANG_WARN_STRICT_PROTOTYPES = YES;
				CLANG_WARN_SUSPICIOUS_MOVE = YES;
				CLANG_WARN_UNGUARDED_AVAILABILITY = YES_AGGRESSIVE;
				CLANG_WARN_UNREACHABLE_CODE = YES;
				CLANG_WARN__DUPLICATE_METHOD_MATCH = YES;
				COPY_PHASE_STRIP = NO;
				DEBUG_INFORMATION_FORMAT = "dwarf-with-dsym";
				ENABLE_NS_ASSERTIONS = NO;
				ENABLE_STRICT_OBJC_MSGSEND = YES;
				ENABLE_USER_SCRIPT_SANDBOXING = YES;
				GCC_C_LANGUAGE_STANDARD = gnu17;
				GCC_NO_COMMON_BLOCKS = YES;
				GCC_WARN_64_TO_32_BIT_CONVERSION = YES;
				GCC_WARN_ABOUT_RETURN_TYPE = YES_ERROR;
				GCC_WARN_UNDECLARED_SELECTOR = YES;
				GCC_WARN_UNINITIALIZED_AUTOS = YES_AGGRESSIVE;
				GCC_WARN_UNUSED_FUNCTION = YES;
				GCC_WARN_UNUSED_VARIABLE = YES;
				IPHONEOS_DEPLOYMENT_TARGET = 18.0;
				LOCALIZATION_PREFERS_STRING_CATALOGS = YES;
				MTL_ENABLE_DEBUG_INFO = NO;
				MTL_FAST_MATH = YES;
				SDKROOT = iphoneos;
				SWIFT_COMPILATION_MODE = wholemodule;
				VALIDATE_PRODUCT = YES;
			};
			name = Release;
		};
		8C4680972FD4EECE00A00BAC /* Debug */ = {
			isa = XCBuildConfiguration;
			buildSettings = {
				ASSETCATALOG_COMPILER_APPICON_NAME = AppIcon;
				ASSETCATALOG_COMPILER_GLOBAL_ACCENT_COLOR_NAME = AccentColor;
				CODE_SIGN_STYLE = Automatic;
				CURRENT_PROJECT_VERSION = 2;
				DEVELOPMENT_ASSET_PATHS = "\"Chordwright/Preview Content\"";
				DEVELOPMENT_TEAM = 228T6U2RV4;
				ENABLE_PREVIEWS = YES;
				GENERATE_INFOPLIST_FILE = YES;
				INFOPLIST_KEY_UIApplicationSceneManifest_Generation = YES;
				INFOPLIST_KEY_UIApplicationSupportsIndirectInputEvents = YES;
				INFOPLIST_KEY_UILaunchScreen_Generation = YES;
				INFOPLIST_KEY_UISupportedInterfaceOrientations_iPad = "UIInterfaceOrientationPortrait UIInterfaceOrientationPortraitUpsideDown UIInterfaceOrientationLandscapeLeft UIInterfaceOrientationLandscapeRight";
				INFOPLIST_KEY_UISupportedInterfaceOrientations_iPhone = "UIInterfaceOrientationPortrait UIInterfaceOrientationLandscapeLeft UIInterfaceOrientationLandscapeRight";
				LD_RUNPATH_SEARCH_PATHS = (
					"$(inherited)",
					"@executable_path/Frameworks",
				);
				MARKETING_VERSION = 1.0;
				PRODUCT_BUNDLE_IDENTIFIER = com.dlrk.chordwright;
				PRODUCT_NAME = "$(TARGET_NAME)";
				SWIFT_EMIT_LOC_STRINGS = YES;
				SWIFT_VERSION = 5.0;
				TARGETED_DEVICE_FAMILY = "1,2";
			};
			name = Debug;
		};
		8C4680982FD4EECE00A00BAC /* Release */ = {
			isa = XCBuildConfiguration;
			buildSettings = {
				ASSETCATALOG_COMPILER_APPICON_NAME = AppIcon;
				ASSETCATALOG_COMPILER_GLOBAL_ACCENT_COLOR_NAME = AccentColor;
				CODE_SIGN_STYLE = Automatic;
				CURRENT_PROJECT_VERSION = 2;
				DEVELOPMENT_ASSET_PATHS = "\"Chordwright/Preview Content\"";
				DEVELOPMENT_TEAM = 228T6U2RV4;
				ENABLE_PREVIEWS = YES;
				GENERATE_INFOPLIST_FILE = YES;
				INFOPLIST_KEY_UIApplicationSceneManifest_Generation = YES;
				INFOPLIST_KEY_UIApplicationSupportsIndirectInputEvents = YES;
				INFOPLIST_KEY_UILaunchScreen_Generation = YES;
				INFOPLIST_KEY_UISupportedInterfaceOrientations_iPad = "UIInterfaceOrientationPortrait UIInterfaceOrientationPortraitUpsideDown UIInterfaceOrientationLandscapeLeft UIInterfaceOrientationLandscapeRight";
				INFOPLIST_KEY_UISupportedInterfaceOrientations_iPhone = "UIInterfaceOrientationPortrait UIInterfaceOrientationLandscapeLeft UIInterfaceOrientationLandscapeRight";
				LD_RUNPATH_SEARCH_PATHS = (
					"$(inherited)",
					"@executable_path/Frameworks",
				);
				MARKETING_VERSION = 1.0;
				PRODUCT_BUNDLE_IDENTIFIER = com.dlrk.chordwright;
				PRODUCT_NAME = "$(TARGET_NAME)";
				SWIFT_EMIT_LOC_STRINGS = YES;
				SWIFT_VERSION = 5.0;
				TARGETED_DEVICE_FAMILY = "1,2";
			};
			name = Release;
		};
		8C46809A2FD4EECE00A00BAC /* Debug */ = {
			isa = XCBuildConfiguration;
			buildSettings = {
				BUNDLE_LOADER = "$(TEST_HOST)";
				CODE_SIGN_STYLE = Automatic;
				CURRENT_PROJECT_VERSION = 2;
				DEVELOPMENT_TEAM = 228T6U2RV4;
				GENERATE_INFOPLIST_FILE = YES;
				IPHONEOS_DEPLOYMENT_TARGET = 18.0;
				MARKETING_VERSION = 1.0;
				PRODUCT_BUNDLE_IDENTIFIER = com.dlrk.chordwright.tests;
				PRODUCT_NAME = "$(TARGET_NAME)";
				SWIFT_EMIT_LOC_STRINGS = NO;
				SWIFT_VERSION = 5.0;
				TARGETED_DEVICE_FAMILY = "1,2";
				TEST_HOST = "$(BUILT_PRODUCTS_DIR)/Chordwright.app/$(BUNDLE_EXECUTABLE_FOLDER_PATH)/Chordwright";
			};
			name = Debug;
		};
		8C46809B2FD4EECE00A00BAC /* Release */ = {
			isa = XCBuildConfiguration;
			buildSettings = {
				BUNDLE_LOADER = "$(TEST_HOST)";
				CODE_SIGN_STYLE = Automatic;
				CURRENT_PROJECT_VERSION = 2;
				DEVELOPMENT_TEAM = 228T6U2RV4;
				GENERATE_INFOPLIST_FILE = YES;
				IPHONEOS_DEPLOYMENT_TARGET = 18.0;
				MARKETING_VERSION = 1.0;
				PRODUCT_BUNDLE_IDENTIFIER = com.dlrk.chordwright.tests;
				PRODUCT_NAME = "$(TARGET_NAME)";
				SWIFT_EMIT_LOC_STRINGS = NO;
				SWIFT_VERSION = 5.0;
				TARGETED_DEVICE_FAMILY = "1,2";
				TEST_HOST = "$(BUILT_PRODUCTS_DIR)/Chordwright.app/$(BUNDLE_EXECUTABLE_FOLDER_PATH)/Chordwright";
			};
			name = Release;
		};
		8C46809D2FD4EECE00A00BAC /* Debug */ = {
			isa = XCBuildConfiguration;
			buildSettings = {
				CODE_SIGN_STYLE = Automatic;
				CURRENT_PROJECT_VERSION = 2;
				DEVELOPMENT_TEAM = 228T6U2RV4;
				GENERATE_INFOPLIST_FILE = YES;
				MARKETING_VERSION = 1.0;
				PRODUCT_BUNDLE_IDENTIFIER = com.dlrk.chordwright.uitests;
				PRODUCT_NAME = "$(TARGET_NAME)";
				SWIFT_EMIT_LOC_STRINGS = NO;
				SWIFT_VERSION = 5.0;
				TARGETED_DEVICE_FAMILY = "1,2";
				TEST_TARGET_NAME = Chordwright;
			};
			name = Debug;
		};
		8C46809E2FD4EECE00A00BAC /* Release */ = {
			isa = XCBuildConfiguration;
			buildSettings = {
				CODE_SIGN_STYLE = Automatic;
				CURRENT_PROJECT_VERSION = 2;
				DEVELOPMENT_TEAM = 228T6U2RV4;
				GENERATE_INFOPLIST_FILE = YES;
				MARKETING_VERSION = 1.0;
				PRODUCT_BUNDLE_IDENTIFIER = com.dlrk.chordwright.uitests;
				PRODUCT_NAME = "$(TARGET_NAME)";
				SWIFT_EMIT_LOC_STRINGS = NO;
				SWIFT_VERSION = 5.0;
				TARGETED_DEVICE_FAMILY = "1,2";
				TEST_TARGET_NAME = Chordwright;
			};
			name = Release;
		};
/* End XCBuildConfiguration section */

/* Begin XCConfigurationList section */
		8C46806D2FD4EECE00A00BAC /* Build configuration list for PBXProject "Chordwright" */ = {
			isa = XCConfigurationList;
			buildConfigurations = (
				8C4680942FD4EECE00A00BAC /* Debug */,
				8C4680952FD4EECE00A00BAC /* Release */,
			);
			defaultConfigurationIsVisible = 0;
			defaultConfigurationName = Release;
		};
		8C4680962FD4EECE00A00BAC /* Build configuration list for PBXNativeTarget "Chordwright" */ = {
			isa = XCConfigurationList;
			buildConfigurations = (
				8C4680972FD4EECE00A00BAC /* Debug */,
				8C4680982FD4EECE00A00BAC /* Release */,
			);
			defaultConfigurationIsVisible = 0;
			defaultConfigurationName = Release;
		};
		8C4680992FD4EECE00A00BAC /* Build configuration list for PBXNativeTarget "ChordwrightTests" */ = {
			isa = XCConfigurationList;
			buildConfigurations = (
				8C46809A2FD4EECE00A00BAC /* Debug */,
				8C46809B2FD4EECE00A00BAC /* Release */,
			);
			defaultConfigurationIsVisible = 0;
			defaultConfigurationName = Release;
		};
		8C46809C2FD4EECE00A00BAC /* Build configuration list for PBXNativeTarget "ChordwrightUITests" */ = {
			isa = XCConfigurationList;
			buildConfigurations = (
				8C46809D2FD4EECE00A00BAC /* Debug */,
				8C46809E2FD4EECE00A00BAC /* Release */,
			);
			defaultConfigurationIsVisible = 0;
			defaultConfigurationName = Release;
		};
/* End XCConfigurationList section */
	};
	rootObject = 8C46806A2FD4EECE00A00BAC /* Project object */;
}
